
Microsoft Visual Studio Solution File, Format Version 12.00
# Visual Studio Version 17
VisualStudioVersion = 17.4.33213.308
MinimumVisualStudioVersion = 10.0.40219.1
Project("{9A19103F-16F7-4668-BE54-9A1E7A4F7556}") = "Fly.Core", "src\Fly.Core\Fly.Core.csproj", "{60D10D07-B9BE-4C8C-BBFB-46BE0F675762}"
EndProject
Project("{2150E333-8FDC-42A3-9474-1A3956D46DE8}") = "src", "src", "{6EB5C5AD-58D1-4B43-8AD4-18AA4F8E6052}"
EndProject
Project("{2150E333-8FDC-42A3-9474-1A3956D46DE8}") = "tests", "tests", "{CFAC16DF-4217-48FE-AA7E-DA813E973EC0}"
EndProject
Project("{9A19103F-16F7-4668-BE54-9A1E7A4F7556}") = "Fly.Data", "src\Fly.Data\Fly.Data.csproj", "{3C972791-2E2C-418F-898C-F363375FF2A0}"
EndProject
Project("{9A19103F-16F7-4668-BE54-9A1E7A4F7556}") = "Fly.Infrastructure", "src\Fly.Infrastructure\Fly.Infrastructure.csproj", "{EEE9C34E-FA0E-4327-AAD2-E5D35AEA59E7}"
EndProject
Project("{9A19103F-16F7-4668-BE54-9A1E7A4F7556}") = "Fly.Services", "src\Fly.Services\Fly.Services.csproj", "{80D7F3C4-1E2E-406A-A9EA-A4EDD14E8404}"
EndProject
Project("{9A19103F-16F7-4668-BE54-9A1E7A4F7556}") = "Fly.Shared", "src\Fly.Shared\Fly.Shared.csproj", "{4F203346-B331-4699-8A5C-79A8CCD2A837}"
EndProject
Project("{9A19103F-16F7-4668-BE54-9A1E7A4F7556}") = "Fly.Tests", "src\Fly.Tests\Fly.Tests.csproj", "{A704F7D1-EA5F-479B-84DD-AD56E1896372}"
EndProject
Project("{9A19103F-16F7-4668-BE54-9A1E7A4F7556}") = "Fly.WebAPI", "src\Fly.WebAPI\Fly.WebAPI.csproj", "{302E8194-A1C3-4F9A-8A6D-592ECB2E9E08}"
EndProject
Project("{9A19103F-16F7-4668-BE54-9A1E7A4F7556}") = "Fly.WebUI", "src\Fly.WebUI\Fly.WebUI.csproj", "{3962C283-5F7A-44D8-9094-8B0D0D776A5F}"
EndProject
Project("{9A19103F-16F7-4668-BE54-9A1E7A4F7556}") = "Fly.IdentityServer", "src\Fly.IdentityServer\Fly.IdentityServer.csproj", "{94109209-F814-42D6-BC18-512F738A674D}"
EndProject
Global
	GlobalSection(SolutionConfigurationPlatforms) = preSolution
		Debug|Any CPU = Debug|Any CPU
		Release|Any CPU = Release|Any CPU
	EndGlobalSection
	GlobalSection(ProjectConfigurationPlatforms) = postSolution
		{60D10D07-B9BE-4C8C-BBFB-46BE0F675762}.Debug|Any CPU.ActiveCfg = Debug|Any CPU
		{60D10D07-B9BE-4C8C-BBFB-46BE0F675762}.Debug|Any CPU.Build.0 = Debug|Any CPU
		{60D10D07-B9BE-4C8C-BBFB-46BE0F675762}.Release|Any CPU.ActiveCfg = Release|Any CPU
		{60D10D07-B9BE-4C8C-BBFB-46BE0F675762}.Release|Any CPU.Build.0 = Release|Any CPU
		{3C972791-2E2C-418F-898C-F363375FF2A0}.Debug|Any CPU.ActiveCfg = Debug|Any CPU
		{3C972791-2E2C-418F-898C-F363375FF2A0}.Debug|Any CPU.Build.0 = Debug|Any CPU
		{3C972791-2E2C-418F-898C-F363375FF2A0}.Release|Any CPU.ActiveCfg = Release|Any CPU
		{3C972791-2E2C-418F-898C-F363375FF2A0}.Release|Any CPU.Build.0 = Release|Any CPU
		{EEE9C34E-FA0E-4327-AAD2-E5D35AEA59E7}.Debug|Any CPU.ActiveCfg = Debug|Any CPU
		{EEE9C34E-FA0E-4327-AAD2-E5D35AEA59E7}.Debug|Any CPU.Build.0 = Debug|Any CPU
		{EEE9C34E-FA0E-4327-AAD2-E5D35AEA59E7}.Release|Any CPU.ActiveCfg = Release|Any CPU
		{EEE9C34E-FA0E-4327-AAD2-E5D35AEA59E7}.Release|Any CPU.Build.0 = Release|Any CPU
		{80D7F3C4-1E2E-406A-A9EA-A4EDD14E8404}.Debug|Any CPU.ActiveCfg = Debug|Any CPU
		{80D7F3C4-1E2E-406A-A9EA-A4EDD14E8404}.Debug|Any CPU.Build.0 = Debug|Any CPU
		{80D7F3C4-1E2E-406A-A9EA-A4EDD14E8404}.Release|Any CPU.ActiveCfg = Release|Any CPU
		{80D7F3C4-1E2E-406A-A9EA-A4EDD14E8404}.Release|Any CPU.Build.0 = Release|Any CPU
		{4F203346-B331-4699-8A5C-79A8CCD2A837}.Debug|Any CPU.ActiveCfg = Debug|Any CPU
		{4F203346-B331-4699-8A5C-79A8CCD2A837}.Debug|Any CPU.Build.0 = Debug|Any CPU
		{4F203346-B331-4699-8A5C-79A8CCD2A837}.Release|Any CPU.ActiveCfg = Release|Any CPU
		{4F203346-B331-4699-8A5C-79A8CCD2A837}.Release|Any CPU.Build.0 = Release|Any CPU
		{A704F7D1-EA5F-479B-84DD-AD56E1896372}.Debug|Any CPU.ActiveCfg = Debug|Any CPU
		{A704F7D1-EA5F-479B-84DD-AD56E1896372}.Debug|Any CPU.Build.0 = Debug|Any CPU
		{A704F7D1-EA5F-479B-84DD-AD56E1896372}.Release|Any CPU.ActiveCfg = Release|Any CPU
		{A704F7D1-EA5F-479B-84DD-AD56E1896372}.Release|Any CPU.Build.0 = Release|Any CPU
		{302E8194-A1C3-4F9A-8A6D-592ECB2E9E08}.Debug|Any CPU.ActiveCfg = Debug|Any CPU
		{302E8194-A1C3-4F9A-8A6D-592ECB2E9E08}.Debug|Any CPU.Build.0 = Debug|Any CPU
		{302E8194-A1C3-4F9A-8A6D-592ECB2E9E08}.Release|Any CPU.ActiveCfg = Release|Any CPU
		{302E8194-A1C3-4F9A-8A6D-592ECB2E9E08}.Release|Any CPU.Build.0 = Release|Any CPU
		{3962C283-5F7A-44D8-9094-8B0D0D776A5F}.Debug|Any CPU.ActiveCfg = Debug|Any CPU
		{3962C283-5F7A-44D8-9094-8B0D0D776A5F}.Debug|Any CPU.Build.0 = Debug|Any CPU
		{3962C283-5F7A-44D8-9094-8B0D0D776A5F}.Release|Any CPU.ActiveCfg = Release|Any CPU
		{3962C283-5F7A-44D8-9094-8B0D0D776A5F}.Release|Any CPU.Build.0 = Release|Any CPU
		{94109209-F814-42D6-BC18-512F738A674D}.Debug|Any CPU.ActiveCfg = Debug|Any CPU
		{94109209-F814-42D6-BC18-512F738A674D}.Debug|Any CPU.Build.0 = Debug|Any CPU
		{94109209-F814-42D6-BC18-512F738A674D}.Release|Any CPU.ActiveCfg = Release|Any CPU
		{94109209-F814-42D6-BC18-512F738A674D}.Release|Any CPU.Build.0 = Release|Any CPU
	EndGlobalSection
	GlobalSection(SolutionProperties) = preSolution
		HideSolutionNode = FALSE
	EndGlobalSection
	GlobalSection(NestedProjects) = preSolution
		{60D10D07-B9BE-4C8C-BBFB-46BE0F675762} = {6EB5C5AD-58D1-4B43-8AD4-18AA4F8E6052}
		{3C972791-2E2C-418F-898C-F363375FF2A0} = {6EB5C5AD-58D1-4B43-8AD4-18AA4F8E6052}
		{EEE9C34E-FA0E-4327-AAD2-E5D35AEA59E7} = {6EB5C5AD-58D1-4B43-8AD4-18AA4F8E6052}
		{80D7F3C4-1E2E-406A-A9EA-A4EDD14E8404} = {6EB5C5AD-58D1-4B43-8AD4-18AA4F8E6052}
		{4F203346-B331-4699-8A5C-79A8CCD2A837} = {6EB5C5AD-58D1-4B43-8AD4-18AA4F8E6052}
		{A704F7D1-EA5F-479B-84DD-AD56E1896372} = {CFAC16DF-4217-48FE-AA7E-DA813E973EC0}
		{302E8194-A1C3-4F9A-8A6D-592ECB2E9E08} = {6EB5C5AD-58D1-4B43-8AD4-18AA4F8E6052}
		{3962C283-5F7A-44D8-9094-8B0D0D776A5F} = {6EB5C5AD-58D1-4B43-8AD4-18AA4F8E6052}
		{94109209-F814-42D6-BC18-512F738A674D} = {6EB5C5AD-58D1-4B43-8AD4-18AA4F8E6052}
	EndGlobalSection
	GlobalSection(ExtensibilityGlobals) = postSolution
		SolutionGuid = {0889EDE5-496D-458A-B4BD-E4D8F70B9226}
	EndGlobalSection
EndGlobal
